version = 1
revision = 3
requires-python = ">=3.13"

[[package]]
name = "ty"
version = "0.0.33"
source = { registry = "https://pypi.org/simple" }
sdist = { url = "https://files.pythonhosted.org/packages/84/44/9478c50c266826c1bf30d1692e589755bffa8f1c0a3eb7af8a346c255991/ty-0.0.33.tar.gz", hash = "sha256:46d63bda07403322cb6c28ccfdd5536be916e13df725c29f7ccd0a21f06bd9e8", size = 5559373, upload-time = "2026-04-28T10:45:13.18Z" }
wheels = [
    { url = "https://files.pythonhosted.org/packages/e9/24/e287388c63a19191be26b32ff4dbd06029834068150ebe2532939bc4c851/ty-0.0.33-py3-none-linux_armv6l.whl", hash = "sha256:94d0a9d2234261a8911396d59e506b5923fe0971dbda43b9dcea287936887fcc", size = 11021308, upload-time = "2026-04-28T10:45:43.34Z" },
    { url = "https://files.pythonhosted.org/packages/00/ca/ba1eed819895bd239fba8ee35dfcd5fcb266c203b0914a17a59579096bb5/ty-0.0.33-py3-none-macosx_10_12_x86_64.whl", hash = "sha256:e4a2b5ba078f90de342f56b5f7979bb77c9b9b1d8625a041352ffc6ee93c4073", size = 10777272, upload-time = "2026-04-28T10:45:32.905Z" },
    { url = "https://files.pythonhosted.org/packages/25/a8/c3131d37b44b3fea1d6654a1c929a0cd0873822f77a90482b8ec28f6fbbd/ty-0.0.33-py3-none-macosx_11_0_arm64.whl", hash = "sha256:84ff5707825e9af9668d2bcf66975f93e520a63b524ab494e3a8265735be2563", size = 10201078, upload-time = "2026-04-28T10:45:23.374Z" },
    { url = "https://files.pythonhosted.org/packages/7b/db/d8e37ff0045810cc65e1ff36aa0da0a2253c05659787ac987df8a16c7897/ty-0.0.33-py3-none-manylinux_2_17_aarch64.manylinux2014_aarch64.whl", hash = "sha256:e375285736f57886868e7af0b11c7b0ec5b6543fa15e7ad2a714fed9f077d4e0", size = 10732347, upload-time = "2026-04-28T10:45:21.444Z" },
    { url = "https://files.pythonhosted.org/packages/e0/1a/20e83a412506a918e4684fc67b567cf7cc13b105470b3428cb23c3d5aa13/ty-0.0.33-py3-none-manylinux_2_17_armv7l.manylinux2014_armv7l.whl", hash = "sha256:5680f6350c3b4e46b8bff6d7bb132366ea239463d6cad4892725d06046e65464", size = 10808238, upload-time = "2026-04-28T10:45:38.565Z" },
    { url = "https://files.pythonhosted.org/packages/5d/4b/d0a39f4464dc6cb4cc2c159473ce216bd1846bfb684c0323a3cb36dce5c6/ty-0.0.33-py3-none-manylinux_2_17_i686.manylinux2014_i686.whl", hash = "sha256:c5535538bad8d0f7e62bcdff02197cdb30e41451d80b35d27e17d128f2e1dc5d", size = 11288348, upload-time = "2026-04-28T10:45:08.419Z" },
    { url = "https://files.pythonhosted.org/packages/35/7e/f1745e0f9583363d7a83d9a4990fc244f76ecc30840ddad83dc16a33c52d/ty-0.0.33-py3-none-manylinux_2_17_ppc64le.manylinux2014_ppc64le.whl", hash = "sha256:da196c42bbbc069e1e21e3e52107c061aa9660352dae57a41930690b56e2c02d", size = 11789907, upload-time = "2026-04-28T10:45:19.064Z" },
    { url = "https://files.pythonhosted.org/packages/a5/71/25f39f46a12d662859d45bc648555d0661044eb43db6b5648c9947487da9/ty-0.0.33-py3-none-manylinux_2_17_s390x.manylinux2014_s390x.whl", hash = "sha256:9281672921ef6d4460e03146b5e6c18cb1a3e3a3b8a1a88f6f33226d05a469b7", size = 11500774, upload-time = "2026-04-28T10:45:48.012Z" },
    { url = "https://files.pythonhosted.org/packages/94/ec/136959ecbb7c71cb90537f5aea441c73f4ab24612868a6ecdc9d7444d32d/ty-0.0.33-py3-none-manylinux_2_17_x86_64.manylinux2014_x86_64.whl", hash = "sha256:82c1b8f303f82da64e878108e764be3ecbcd7c9903ac0a7f7031614ed00b97ab", size = 11360314, upload-time = "2026-04-28T10:45:05.402Z" },
    { url = "https://files.pythonhosted.org/packages/cf/95/32809575c222f00beed498cb728e9290a0f5009f930025381bb7253b2206/ty-0.0.33-py3-none-musllinux_1_2_aarch64.whl", hash = "sha256:efe3af412c9ff67bce5fa37d0a2b0d8555c24072b145a5bac6c79637f1c83abe", size = 10707785, upload-time = "2026-04-28T10:45:10.836Z" },
    { url = "https://files.pythonhosted.org/packages/13/89/c8e9531f7aa4a093359e15fa32c8e1277fbbe90d16894d7c6032d29f4b34/ty-0.0.33-py3-none-musllinux_1_2_armv7l.whl", hash = "sha256:aeec29c91ea768601747da546c3efc20b72c2fb1bd52bcc786a5c6eeff51d27b", size = 10834987, upload-time = "2026-04-28T10:45:40.738Z" },
    { url = "https://files.pythonhosted.org/packages/31/16/9835fbcf5338af1a1917bd28fdb8a7193c210b83f243aa286fa9f79cb3ad/ty-0.0.33-py3-none-musllinux_1_2_i686.whl", hash = "sha256:a535977c52bbb5f7e96b8b70a6ad375ad077f4a9ff2492508ea3816a2b403819", size = 10968968, upload-time = "2026-04-28T10:45:30.26Z" },
    { url = "https://files.pythonhosted.org/packages/36/69/64c76aabc1bc70c7f24b686cd93c3407f8ea430905e395f59bf9603ef571/ty-0.0.33-py3-none-musllinux_1_2_x86_64.whl", hash = "sha256:1d732facf39fcb221ba279d469c5040d37883e964f123b1563888efd34818180", size = 11458077, upload-time = "2026-04-28T10:45:45.971Z" },
    { url = "https://files.pythonhosted.org/packages/91/84/fae27b0c4718776a298690d31ca4cc1995f2e3e1c63a7b59e84c41498e9a/ty-0.0.33-py3-none-win32.whl", hash = "sha256:d90960b574428dc252f85e8598ec5fcb7f619794196b2fc95a90da075ed4681c", size = 10345364, upload-time = "2026-04-28T10:45:16.836Z" },
    { url = "https://files.pythonhosted.org/packages/3c/a0/a2938b23ae3e1a09a2d7c189e2ac5f7113676bae4e0e23948b568e18e5f8/ty-0.0.33-py3-none-win_amd64.whl", hash = "sha256:c1c3aec62c44de610c6e95f0a4e97ac3dbc07934bfdbf1fd90d758c9ff72f48e", size = 11342470, upload-time = "2026-04-28T10:45:26.455Z" },
    { url = "https://files.pythonhosted.org/packages/ab/62/7fb948aace38d2f6329261bb33c035a8484549c74f1db28649c7a4c6fed9/ty-0.0.33-py3-none-win_arm64.whl", hash = "sha256:0d44f99ba1b441e55e2aa301b2ac0a21112784931b46a5f66f4ea9efe5620d97", size = 10742673, upload-time = "2026-04-28T10:45:35.555Z" },
]

[[package]]
name = "xyz"
version = "0.1.0"
source = { virtual = "." }

[package.dev-dependencies]
dev = [
    { name = "ty" },
]

[package.metadata]

[package.metadata.requires-dev]
dev = [{ name = "ty", specifier = ">=0.0.33" }]
